
Microsoft Visual Studio Solution File, Format Version 12.00
# Visual Studio 14
VisualStudioVersion = 14.0.25420.1
MinimumVisualStudioVersion = 10.0.40219.1
Project("{FAE04EC0-301F-11D3-BF4B-00C04F79EFBC}") = "Mobile.Droid", "Mobile\Mobile.Droid\Mobile.Droid.csproj", "{8CA0A1B5-3893-4AF7-9175-F0EB46650C9C}"
EndProject
Project("{FAE04EC0-301F-11D3-BF4B-00C04F79EFBC}") = "Mobile.iOS", "Mobile\Mobile.iOS\Mobile.iOS.csproj", "{338377FD-5231-4CA3-A625-9FD2593F8E38}"
EndProject
Project("{FAE04EC0-301F-11D3-BF4B-00C04F79EFBC}") = "Mobile.WinPhone", "Mobile\Mobile.WinPhone\Mobile.WinPhone.csproj", "{04A5E2C1-8687-4E22-8E73-773D91105195}"
EndProject
Project("{FAE04EC0-301F-11D3-BF4B-00C04F79EFBC}") = "Mobile.Windows", "Mobile\Mobile.Windows\Mobile.Windows.csproj", "{CEF80D1F-1598-4FBF-A60B-6D32DA1A6D1E}"
EndProject
Project("{FAE04EC0-301F-11D3-BF4B-00C04F79EFBC}") = "Mobile", "Mobile\Mobile\Mobile.csproj", "{046C023D-1DE5-46B3-9DDE-E09C92EA1831}"
EndProject
Global
	GlobalSection(SolutionConfigurationPlatforms) = preSolution
		Ad-Hoc|Any CPU = Ad-Hoc|Any CPU
		Ad-Hoc|ARM = Ad-Hoc|ARM
		Ad-Hoc|iPhone = Ad-Hoc|iPhone
		Ad-Hoc|iPhoneSimulator = Ad-Hoc|iPhoneSimulator
		Ad-Hoc|x64 = Ad-Hoc|x64
		Ad-Hoc|x86 = Ad-Hoc|x86
		AppStore|Any CPU = AppStore|Any CPU
		AppStore|ARM = AppStore|ARM
		AppStore|iPhone = AppStore|iPhone
		AppStore|iPhoneSimulator = AppStore|iPhoneSimulator
		AppStore|x64 = AppStore|x64
		AppStore|x86 = AppStore|x86
		Debug|Any CPU = Debug|Any CPU
		Debug|ARM = Debug|ARM
		Debug|iPhone = Debug|iPhone
		Debug|iPhoneSimulator = Debug|iPhoneSimulator
		Debug|x64 = Debug|x64
		Debug|x86 = Debug|x86
		Release|Any CPU = Release|Any CPU
		Release|ARM = Release|ARM
		Release|iPhone = Release|iPhone
		Release|iPhoneSimulator = Release|iPhoneSimulator
		Release|x64 = Release|x64
		Release|x86 = Release|x86
	EndGlobalSection
	GlobalSection(ProjectConfigurationPlatforms) = postSolution
		{8CA0A1B5-3893-4AF7-9175-F0EB46650C9C}.Ad-Hoc|Any CPU.ActiveCfg = Release|Any CPU
		{8CA0A1B5-3893-4AF7-9175-F0EB46650C9C}.Ad-Hoc|Any CPU.Build.0 = Release|Any CPU
		{8CA0A1B5-3893-4AF7-9175-F0EB46650C9C}.Ad-Hoc|Any CPU.Deploy.0 = Release|Any CPU
		{8CA0A1B5-3893-4AF7-9175-F0EB46650C9C}.Ad-Hoc|ARM.ActiveCfg = Release|Any CPU
		{8CA0A1B5-3893-4AF7-9175-F0EB46650C9C}.Ad-Hoc|ARM.Build.0 = Release|Any CPU
		{8CA0A1B5-3893-4AF7-9175-F0EB46650C9C}.Ad-Hoc|ARM.Deploy.0 = Release|Any CPU
		{8CA0A1B5-3893-4AF7-9175-F0EB46650C9C}.Ad-Hoc|iPhone.ActiveCfg = Release|Any CPU
		{8CA0A1B5-3893-4AF7-9175-F0EB46650C9C}.Ad-Hoc|iPhone.Build.0 = Release|Any CPU
		{8CA0A1B5-3893-4AF7-9175-F0EB46650C9C}.Ad-Hoc|iPhone.Deploy.0 = Release|Any CPU
		{8CA0A1B5-3893-4AF7-9175-F0EB46650C9C}.Ad-Hoc|iPhoneSimulator.ActiveCfg = Release|Any CPU
		{8CA0A1B5-3893-4AF7-9175-F0EB46650C9C}.Ad-Hoc|iPhoneSimulator.Build.0 = Release|Any CPU
		{8CA0A1B5-3893-4AF7-9175-F0EB46650C9C}.Ad-Hoc|iPhoneSimulator.Deploy.0 = Release|Any CPU
		{8CA0A1B5-3893-4AF7-9175-F0EB46650C9C}.Ad-Hoc|x64.ActiveCfg = Release|Any CPU
		{8CA0A1B5-3893-4AF7-9175-F0EB46650C9C}.Ad-Hoc|x64.Build.0 = Release|Any CPU
		{8CA0A1B5-3893-4AF7-9175-F0EB46650C9C}.Ad-Hoc|x64.Deploy.0 = Release|Any CPU
		{8CA0A1B5-3893-4AF7-9175-F0EB46650C9C}.Ad-Hoc|x86.ActiveCfg = Release|Any CPU
		{8CA0A1B5-3893-4AF7-9175-F0EB46650C9C}.Ad-Hoc|x86.Build.0 = Release|Any CPU
		{8CA0A1B5-3893-4AF7-9175-F0EB46650C9C}.Ad-Hoc|x86.Deploy.0 = Release|Any CPU
		{8CA0A1B5-3893-4AF7-9175-F0EB46650C9C}.AppStore|Any CPU.ActiveCfg = Release|Any CPU
		{8CA0A1B5-3893-4AF7-9175-F0EB46650C9C}.AppStore|Any CPU.Build.0 = Release|Any CPU
		{8CA0A1B5-3893-4AF7-9175-F0EB46650C9C}.AppStore|Any CPU.Deploy.0 = Release|Any CPU
		{8CA0A1B5-3893-4AF7-9175-F0EB46650C9C}.AppStore|ARM.ActiveCfg = Release|Any CPU
		{8CA0A1B5-3893-4AF7-9175-F0EB46650C9C}.AppStore|ARM.Build.0 = Release|Any CPU
		{8CA0A1B5-3893-4AF7-9175-F0EB46650C9C}.AppStore|ARM.Deploy.0 = Release|Any CPU
		{8CA0A1B5-3893-4AF7-9175-F0EB46650C9C}.AppStore|iPhone.ActiveCfg = Release|Any CPU
		{8CA0A1B5-3893-4AF7-9175-F0EB46650C9C}.AppStore|iPhone.Build.0 = Release|Any CPU
		{8CA0A1B5-3893-4AF7-9175-F0EB46650C9C}.AppStore|iPhone.Deploy.0 = Release|Any CPU
		{8CA0A1B5-3893-4AF7-9175-F0EB46650C9C}.AppStore|iPhoneSimulator.ActiveCfg = Release|Any CPU
		{8CA0A1B5-3893-4AF7-9175-F0EB46650C9C}.AppStore|iPhoneSimulator.Build.0 = Release|Any CPU
		{8CA0A1B5-3893-4AF7-9175-F0EB46650C9C}.AppStore|iPhoneSimulator.Deploy.0 = Release|Any CPU
		{8CA0A1B5-3893-4AF7-9175-F0EB46650C9C}.AppStore|x64.ActiveCfg = Release|Any CPU
		{8CA0A1B5-3893-4AF7-9175-F0EB46650C9C}.AppStore|x64.Build.0 = Release|Any CPU
		{8CA0A1B5-3893-4AF7-9175-F0EB46650C9C}.AppStore|x64.Deploy.0 = Release|Any CPU
		{8CA0A1B5-3893-4AF7-9175-F0EB46650C9C}.AppStore|x86.ActiveCfg = Release|Any CPU
		{8CA0A1B5-3893-4AF7-9175-F0EB46650C9C}.AppStore|x86.Build.0 = Release|Any CPU
		{8CA0A1B5-3893-4AF7-9175-F0EB46650C9C}.AppStore|x86.Deploy.0 = Release|Any CPU
		{8CA0A1B5-3893-4AF7-9175-F0EB46650C9C}.Debug|Any CPU.ActiveCfg = Debug|Any CPU
		{8CA0A1B5-3893-4AF7-9175-F0EB46650C9C}.Debug|Any CPU.Build.0 = Debug|Any CPU
		{8CA0A1B5-3893-4AF7-9175-F0EB46650C9C}.Debug|Any CPU.Deploy.0 = Debug|Any CPU
		{8CA0A1B5-3893-4AF7-9175-F0EB46650C9C}.Debug|ARM.ActiveCfg = Debug|Any CPU
		{8CA0A1B5-3893-4AF7-9175-F0EB46650C9C}.Debug|ARM.Build.0 = Debug|Any CPU
		{8CA0A1B5-3893-4AF7-9175-F0EB46650C9C}.Debug|ARM.Deploy.0 = Debug|Any CPU
		{8CA0A1B5-3893-4AF7-9175-F0EB46650C9C}.Debug|iPhone.ActiveCfg = Debug|Any CPU
		{8CA0A1B5-3893-4AF7-9175-F0EB46650C9C}.Debug|iPhone.Build.0 = Debug|Any CPU
		{8CA0A1B5-3893-4AF7-9175-F0EB46650C9C}.Debug|iPhone.Deploy.0 = Debug|Any CPU
		{8CA0A1B5-3893-4AF7-9175-F0EB46650C9C}.Debug|iPhoneSimulator.ActiveCfg = Debug|Any CPU
		{8CA0A1B5-3893-4AF7-9175-F0EB46650C9C}.Debug|iPhoneSimulator.Build.0 = Debug|Any CPU
		{8CA0A1B5-3893-4AF7-9175-F0EB46650C9C}.Debug|iPhoneSimulator.Deploy.0 = Debug|Any CPU
		{8CA0A1B5-3893-4AF7-9175-F0EB46650C9C}.Debug|x64.ActiveCfg = Debug|Any CPU
		{8CA0A1B5-3893-4AF7-9175-F0EB46650C9C}.Debug|x64.Build.0 = Debug|Any CPU
		{8CA0A1B5-3893-4AF7-9175-F0EB46650C9C}.Debug|x64.Deploy.0 = Debug|Any CPU
		{8CA0A1B5-3893-4AF7-9175-F0EB46650C9C}.Debug|x86.ActiveCfg = Debug|Any CPU
		{8CA0A1B5-3893-4AF7-9175-F0EB46650C9C}.Debug|x86.Build.0 = Debug|Any CPU
		{8CA0A1B5-3893-4AF7-9175-F0EB46650C9C}.Debug|x86.Deploy.0 = Debug|Any CPU
		{8CA0A1B5-3893-4AF7-9175-F0EB46650C9C}.Release|Any CPU.ActiveCfg = Release|Any CPU
		{8CA0A1B5-3893-4AF7-9175-F0EB46650C9C}.Release|Any CPU.Build.0 = Release|Any CPU
		{8CA0A1B5-3893-4AF7-9175-F0EB46650C9C}.Release|Any CPU.Deploy.0 = Release|Any CPU
		{8CA0A1B5-3893-4AF7-9175-F0EB46650C9C}.Release|ARM.ActiveCfg = Release|Any CPU
		{8CA0A1B5-3893-4AF7-9175-F0EB46650C9C}.Release|ARM.Build.0 = Release|Any CPU
		{8CA0A1B5-3893-4AF7-9175-F0EB46650C9C}.Release|ARM.Deploy.0 = Release|Any CPU
		{8CA0A1B5-3893-4AF7-9175-F0EB46650C9C}.Release|iPhone.ActiveCfg = Release|Any CPU
		{8CA0A1B5-3893-4AF7-9175-F0EB46650C9C}.Release|iPhone.Build.0 = Release|Any CPU
		{8CA0A1B5-3893-4AF7-9175-F0EB46650C9C}.Release|iPhone.Deploy.0 = Release|Any CPU
		{8CA0A1B5-3893-4AF7-9175-F0EB46650C9C}.Release|iPhoneSimulator.ActiveCfg = Release|Any CPU
		{8CA0A1B5-3893-4AF7-9175-F0EB46650C9C}.Release|iPhoneSimulator.Build.0 = Release|Any CPU
		{8CA0A1B5-3893-4AF7-9175-F0EB46650C9C}.Release|iPhoneSimulator.Deploy.0 = Release|Any CPU
		{8CA0A1B5-3893-4AF7-9175-F0EB46650C9C}.Release|x64.ActiveCfg = Release|Any CPU
		{8CA0A1B5-3893-4AF7-9175-F0EB46650C9C}.Release|x64.Build.0 = Release|Any CPU
		{8CA0A1B5-3893-4AF7-9175-F0EB46650C9C}.Release|x64.Deploy.0 = Release|Any CPU
		{8CA0A1B5-3893-4AF7-9175-F0EB46650C9C}.Release|x86.ActiveCfg = Release|Any CPU
		{8CA0A1B5-3893-4AF7-9175-F0EB46650C9C}.Release|x86.Build.0 = Release|Any CPU
		{8CA0A1B5-3893-4AF7-9175-F0EB46650C9C}.Release|x86.Deploy.0 = Release|Any CPU
		{338377FD-5231-4CA3-A625-9FD2593F8E38}.Ad-Hoc|Any CPU.ActiveCfg = Ad-Hoc|iPhone
		{338377FD-5231-4CA3-A625-9FD2593F8E38}.Ad-Hoc|ARM.ActiveCfg = Ad-Hoc|iPhone
		{338377FD-5231-4CA3-A625-9FD2593F8E38}.Ad-Hoc|iPhone.ActiveCfg = Ad-Hoc|iPhone
		{338377FD-5231-4CA3-A625-9FD2593F8E38}.Ad-Hoc|iPhone.Build.0 = Ad-Hoc|iPhone
		{338377FD-5231-4CA3-A625-9FD2593F8E38}.Ad-Hoc|iPhoneSimulator.ActiveCfg = Ad-Hoc|iPhoneSimulator
		{338377FD-5231-4CA3-A625-9FD2593F8E38}.Ad-Hoc|iPhoneSimulator.Build.0 = Ad-Hoc|iPhoneSimulator
		{338377FD-5231-4CA3-A625-9FD2593F8E38}.Ad-Hoc|x64.ActiveCfg = Ad-Hoc|iPhone
		{338377FD-5231-4CA3-A625-9FD2593F8E38}.Ad-Hoc|x86.ActiveCfg = Ad-Hoc|iPhone
		{338377FD-5231-4CA3-A625-9FD2593F8E38}.AppStore|Any CPU.ActiveCfg = AppStore|iPhone
		{338377FD-5231-4CA3-A625-9FD2593F8E38}.AppStore|ARM.ActiveCfg = AppStore|iPhone
		{338377FD-5231-4CA3-A625-9FD2593F8E38}.AppStore|iPhone.ActiveCfg = AppStore|iPhone
		{338377FD-5231-4CA3-A625-9FD2593F8E38}.AppStore|iPhone.Build.0 = AppStore|iPhone
		{338377FD-5231-4CA3-A625-9FD2593F8E38}.AppStore|iPhoneSimulator.ActiveCfg = AppStore|iPhoneSimulator
		{338377FD-5231-4CA3-A625-9FD2593F8E38}.AppStore|iPhoneSimulator.Build.0 = AppStore|iPhoneSimulator
		{338377FD-5231-4CA3-A625-9FD2593F8E38}.AppStore|x64.ActiveCfg = AppStore|iPhone
		{338377FD-5231-4CA3-A625-9FD2593F8E38}.AppStore|x86.ActiveCfg = AppStore|iPhone
		{338377FD-5231-4CA3-A625-9FD2593F8E38}.Debug|Any CPU.ActiveCfg = Debug|iPhone
		{338377FD-5231-4CA3-A625-9FD2593F8E38}.Debug|ARM.ActiveCfg = Debug|iPhone
		{338377FD-5231-4CA3-A625-9FD2593F8E38}.Debug|iPhone.ActiveCfg = Debug|iPhone
		{338377FD-5231-4CA3-A625-9FD2593F8E38}.Debug|iPhone.Build.0 = Debug|iPhone
		{338377FD-5231-4CA3-A625-9FD2593F8E38}.Debug|iPhoneSimulator.ActiveCfg = Debug|iPhoneSimulator
		{338377FD-5231-4CA3-A625-9FD2593F8E38}.Debug|iPhoneSimulator.Build.0 = Debug|iPhoneSimulator
		{338377FD-5231-4CA3-A625-9FD2593F8E38}.Debug|x64.ActiveCfg = Debug|iPhone
		{338377FD-5231-4CA3-A625-9FD2593F8E38}.Debug|x86.ActiveCfg = Debug|iPhone
		{338377FD-5231-4CA3-A625-9FD2593F8E38}.Release|Any CPU.ActiveCfg = Release|iPhone
		{338377FD-5231-4CA3-A625-9FD2593F8E38}.Release|ARM.ActiveCfg = Release|iPhone
		{338377FD-5231-4CA3-A625-9FD2593F8E38}.Release|iPhone.ActiveCfg = Release|iPhone
		{338377FD-5231-4CA3-A625-9FD2593F8E38}.Release|iPhone.Build.0 = Release|iPhone
		{338377FD-5231-4CA3-A625-9FD2593F8E38}.Release|iPhoneSimulator.ActiveCfg = Release|iPhoneSimulator
		{338377FD-5231-4CA3-A625-9FD2593F8E38}.Release|iPhoneSimulator.Build.0 = Release|iPhoneSimulator
		{338377FD-5231-4CA3-A625-9FD2593F8E38}.Release|x64.ActiveCfg = Release|iPhone
		{338377FD-5231-4CA3-A625-9FD2593F8E38}.Release|x86.ActiveCfg = Release|iPhone
		{04A5E2C1-8687-4E22-8E73-773D91105195}.Ad-Hoc|Any CPU.ActiveCfg = Release|Any CPU
		{04A5E2C1-8687-4E22-8E73-773D91105195}.Ad-Hoc|Any CPU.Build.0 = Release|Any CPU
		{04A5E2C1-8687-4E22-8E73-773D91105195}.Ad-Hoc|Any CPU.Deploy.0 = Release|Any CPU
		{04A5E2C1-8687-4E22-8E73-773D91105195}.Ad-Hoc|ARM.ActiveCfg = Release|ARM
		{04A5E2C1-8687-4E22-8E73-773D91105195}.Ad-Hoc|ARM.Build.0 = Release|ARM
		{04A5E2C1-8687-4E22-8E73-773D91105195}.Ad-Hoc|ARM.Deploy.0 = Release|ARM
		{04A5E2C1-8687-4E22-8E73-773D91105195}.Ad-Hoc|iPhone.ActiveCfg = Release|Any CPU
		{04A5E2C1-8687-4E22-8E73-773D91105195}.Ad-Hoc|iPhone.Build.0 = Release|Any CPU
		{04A5E2C1-8687-4E22-8E73-773D91105195}.Ad-Hoc|iPhone.Deploy.0 = Release|Any CPU
		{04A5E2C1-8687-4E22-8E73-773D91105195}.Ad-Hoc|iPhoneSimulator.ActiveCfg = Release|Any CPU
		{04A5E2C1-8687-4E22-8E73-773D91105195}.Ad-Hoc|iPhoneSimulator.Build.0 = Release|Any CPU
		{04A5E2C1-8687-4E22-8E73-773D91105195}.Ad-Hoc|iPhoneSimulator.Deploy.0 = Release|Any CPU
		{04A5E2C1-8687-4E22-8E73-773D91105195}.Ad-Hoc|x64.ActiveCfg = Release|Any CPU
		{04A5E2C1-8687-4E22-8E73-773D91105195}.Ad-Hoc|x64.Build.0 = Release|Any CPU
		{04A5E2C1-8687-4E22-8E73-773D91105195}.Ad-Hoc|x64.Deploy.0 = Release|Any CPU
		{04A5E2C1-8687-4E22-8E73-773D91105195}.Ad-Hoc|x86.ActiveCfg = Release|x86
		{04A5E2C1-8687-4E22-8E73-773D91105195}.Ad-Hoc|x86.Build.0 = Release|x86
		{04A5E2C1-8687-4E22-8E73-773D91105195}.Ad-Hoc|x86.Deploy.0 = Release|x86
		{04A5E2C1-8687-4E22-8E73-773D91105195}.AppStore|Any CPU.ActiveCfg = Release|Any CPU
		{04A5E2C1-8687-4E22-8E73-773D91105195}.AppStore|Any CPU.Build.0 = Release|Any CPU
		{04A5E2C1-8687-4E22-8E73-773D91105195}.AppStore|Any CPU.Deploy.0 = Release|Any CPU
		{04A5E2C1-8687-4E22-8E73-773D91105195}.AppStore|ARM.ActiveCfg = Release|ARM
		{04A5E2C1-8687-4E22-8E73-773D91105195}.AppStore|ARM.Build.0 = Release|ARM
		{04A5E2C1-8687-4E22-8E73-773D91105195}.AppStore|ARM.Deploy.0 = Release|ARM
		{04A5E2C1-8687-4E22-8E73-773D91105195}.AppStore|iPhone.ActiveCfg = Release|Any CPU
		{04A5E2C1-8687-4E22-8E73-773D91105195}.AppStore|iPhone.Build.0 = Release|Any CPU
		{04A5E2C1-8687-4E22-8E73-773D91105195}.AppStore|iPhone.Deploy.0 = Release|Any CPU
		{04A5E2C1-8687-4E22-8E73-773D91105195}.AppStore|iPhoneSimulator.ActiveCfg = Release|Any CPU
		{04A5E2C1-8687-4E22-8E73-773D91105195}.AppStore|iPhoneSimulator.Build.0 = Release|Any CPU
		{04A5E2C1-8687-4E22-8E73-773D91105195}.AppStore|iPhoneSimulator.Deploy.0 = Release|Any CPU
		{04A5E2C1-8687-4E22-8E73-773D91105195}.AppStore|x64.ActiveCfg = Release|Any CPU
		{04A5E2C1-8687-4E22-8E73-773D91105195}.AppStore|x64.Build.0 = Release|Any CPU
		{04A5E2C1-8687-4E22-8E73-773D91105195}.AppStore|x64.Deploy.0 = Release|Any CPU
		{04A5E2C1-8687-4E22-8E73-773D91105195}.AppStore|x86.ActiveCfg = Release|x86
		{04A5E2C1-8687-4E22-8E73-773D91105195}.AppStore|x86.Build.0 = Release|x86
		{04A5E2C1-8687-4E22-8E73-773D91105195}.AppStore|x86.Deploy.0 = Release|x86
		{04A5E2C1-8687-4E22-8E73-773D91105195}.Debug|Any CPU.ActiveCfg = Debug|Any CPU
		{04A5E2C1-8687-4E22-8E73-773D91105195}.Debug|Any CPU.Build.0 = Debug|Any CPU
		{04A5E2C1-8687-4E22-8E73-773D91105195}.Debug|Any CPU.Deploy.0 = Debug|Any CPU
		{04A5E2C1-8687-4E22-8E73-773D91105195}.Debug|ARM.ActiveCfg = Debug|ARM
		{04A5E2C1-8687-4E22-8E73-773D91105195}.Debug|ARM.Build.0 = Debug|ARM
		{04A5E2C1-8687-4E22-8E73-773D91105195}.Debug|ARM.Deploy.0 = Debug|ARM
		{04A5E2C1-8687-4E22-8E73-773D91105195}.Debug|iPhone.ActiveCfg = Debug|Any CPU
		{04A5E2C1-8687-4E22-8E73-773D91105195}.Debug|iPhone.Build.0 = Debug|Any CPU
		{04A5E2C1-8687-4E22-8E73-773D91105195}.Debug|iPhone.Deploy.0 = Debug|Any CPU
		{04A5E2C1-8687-4E22-8E73-773D91105195}.Debug|iPhoneSimulator.ActiveCfg = Debug|Any CPU
		{04A5E2C1-8687-4E22-8E73-773D91105195}.Debug|iPhoneSimulator.Build.0 = Debug|Any CPU
		{04A5E2C1-8687-4E22-8E73-773D91105195}.Debug|iPhoneSimulator.Deploy.0 = Debug|Any CPU
		{04A5E2C1-8687-4E22-8E73-773D91105195}.Debug|x64.ActiveCfg = Debug|Any CPU
		{04A5E2C1-8687-4E22-8E73-773D91105195}.Debug|x64.Build.0 = Debug|Any CPU
		{04A5E2C1-8687-4E22-8E73-773D91105195}.Debug|x64.Deploy.0 = Debug|Any CPU
		{04A5E2C1-8687-4E22-8E73-773D91105195}.Debug|x86.ActiveCfg = Debug|x86
		{04A5E2C1-8687-4E22-8E73-773D91105195}.Debug|x86.Build.0 = Debug|x86
		{04A5E2C1-8687-4E22-8E73-773D91105195}.Debug|x86.Deploy.0 = Debug|x86
		{04A5E2C1-8687-4E22-8E73-773D91105195}.Release|Any CPU.ActiveCfg = Release|Any CPU
		{04A5E2C1-8687-4E22-8E73-773D91105195}.Release|Any CPU.Build.0 = Release|Any CPU
		{04A5E2C1-8687-4E22-8E73-773D91105195}.Release|Any CPU.Deploy.0 = Release|Any CPU
		{04A5E2C1-8687-4E22-8E73-773D91105195}.Release|ARM.ActiveCfg = Release|ARM
		{04A5E2C1-8687-4E22-8E73-773D91105195}.Release|ARM.Build.0 = Release|ARM
		{04A5E2C1-8687-4E22-8E73-773D91105195}.Release|ARM.Deploy.0 = Release|ARM
		{04A5E2C1-8687-4E22-8E73-773D91105195}.Release|iPhone.ActiveCfg = Release|Any CPU
		{04A5E2C1-8687-4E22-8E73-773D91105195}.Release|iPhone.Build.0 = Release|Any CPU
		{04A5E2C1-8687-4E22-8E73-773D91105195}.Release|iPhone.Deploy.0 = Release|Any CPU
		{04A5E2C1-8687-4E22-8E73-773D91105195}.Release|iPhoneSimulator.ActiveCfg = Release|Any CPU
		{04A5E2C1-8687-4E22-8E73-773D91105195}.Release|iPhoneSimulator.Build.0 = Release|Any CPU
		{04A5E2C1-8687-4E22-8E73-773D91105195}.Release|iPhoneSimulator.Deploy.0 = Release|Any CPU
		{04A5E2C1-8687-4E22-8E73-773D91105195}.Release|x64.ActiveCfg = Release|Any CPU
		{04A5E2C1-8687-4E22-8E73-773D91105195}.Release|x64.Build.0 = Release|Any CPU
		{04A5E2C1-8687-4E22-8E73-773D91105195}.Release|x64.Deploy.0 = Release|Any CPU
		{04A5E2C1-8687-4E22-8E73-773D91105195}.Release|x86.ActiveCfg = Release|x86
		{04A5E2C1-8687-4E22-8E73-773D91105195}.Release|x86.Build.0 = Release|x86
		{04A5E2C1-8687-4E22-8E73-773D91105195}.Release|x86.Deploy.0 = Release|x86
		{CEF80D1F-1598-4FBF-A60B-6D32DA1A6D1E}.Ad-Hoc|Any CPU.ActiveCfg = Release|Any CPU
		{CEF80D1F-1598-4FBF-A60B-6D32DA1A6D1E}.Ad-Hoc|Any CPU.Build.0 = Release|Any CPU
		{CEF80D1F-1598-4FBF-A60B-6D32DA1A6D1E}.Ad-Hoc|Any CPU.Deploy.0 = Release|Any CPU
		{CEF80D1F-1598-4FBF-A60B-6D32DA1A6D1E}.Ad-Hoc|ARM.ActiveCfg = Release|ARM
		{CEF80D1F-1598-4FBF-A60B-6D32DA1A6D1E}.Ad-Hoc|ARM.Build.0 = Release|ARM
		{CEF80D1F-1598-4FBF-A60B-6D32DA1A6D1E}.Ad-Hoc|ARM.Deploy.0 = Release|ARM
		{CEF80D1F-1598-4FBF-A60B-6D32DA1A6D1E}.Ad-Hoc|iPhone.ActiveCfg = Release|Any CPU
		{CEF80D1F-1598-4FBF-A60B-6D32DA1A6D1E}.Ad-Hoc|iPhone.Build.0 = Release|Any CPU
		{CEF80D1F-1598-4FBF-A60B-6D32DA1A6D1E}.Ad-Hoc|iPhone.Deploy.0 = Release|Any CPU
		{CEF80D1F-1598-4FBF-A60B-6D32DA1A6D1E}.Ad-Hoc|iPhoneSimulator.ActiveCfg = Release|Any CPU
		{CEF80D1F-1598-4FBF-A60B-6D32DA1A6D1E}.Ad-Hoc|iPhoneSimulator.Build.0 = Release|Any CPU
		{CEF80D1F-1598-4FBF-A60B-6D32DA1A6D1E}.Ad-Hoc|iPhoneSimulator.Deploy.0 = Release|Any CPU
		{CEF80D1F-1598-4FBF-A60B-6D32DA1A6D1E}.Ad-Hoc|x64.ActiveCfg = Release|x64
		{CEF80D1F-1598-4FBF-A60B-6D32DA1A6D1E}.Ad-Hoc|x64.Build.0 = Release|x64
		{CEF80D1F-1598-4FBF-A60B-6D32DA1A6D1E}.Ad-Hoc|x64.Deploy.0 = Release|x64
		{CEF80D1F-1598-4FBF-A60B-6D32DA1A6D1E}.Ad-Hoc|x86.ActiveCfg = Release|x86
		{CEF80D1F-1598-4FBF-A60B-6D32DA1A6D1E}.Ad-Hoc|x86.Build.0 = Release|x86
		{CEF80D1F-1598-4FBF-A60B-6D32DA1A6D1E}.Ad-Hoc|x86.Deploy.0 = Release|x86
		{CEF80D1F-1598-4FBF-A60B-6D32DA1A6D1E}.AppStore|Any CPU.ActiveCfg = Release|Any CPU
		{CEF80D1F-1598-4FBF-A60B-6D32DA1A6D1E}.AppStore|Any CPU.Build.0 = Release|Any CPU
		{CEF80D1F-1598-4FBF-A60B-6D32DA1A6D1E}.AppStore|Any CPU.Deploy.0 = Release|Any CPU
		{CEF80D1F-1598-4FBF-A60B-6D32DA1A6D1E}.AppStore|ARM.ActiveCfg = Release|ARM
		{CEF80D1F-1598-4FBF-A60B-6D32DA1A6D1E}.AppStore|ARM.Build.0 = Release|ARM
		{CEF80D1F-1598-4FBF-A60B-6D32DA1A6D1E}.AppStore|ARM.Deploy.0 = Release|ARM
		{CEF80D1F-1598-4FBF-A60B-6D32DA1A6D1E}.AppStore|iPhone.ActiveCfg = Release|Any CPU
		{CEF80D1F-1598-4FBF-A60B-6D32DA1A6D1E}.AppStore|iPhone.Build.0 = Release|Any CPU
		{CEF80D1F-1598-4FBF-A60B-6D32DA1A6D1E}.AppStore|iPhone.Deploy.0 = Release|Any CPU
		{CEF80D1F-1598-4FBF-A60B-6D32DA1A6D1E}.AppStore|iPhoneSimulator.ActiveCfg = Release|Any CPU
		{CEF80D1F-1598-4FBF-A60B-6D32DA1A6D1E}.AppStore|iPhoneSimulator.Build.0 = Release|Any CPU
		{CEF80D1F-1598-4FBF-A60B-6D32DA1A6D1E}.AppStore|iPhoneSimulator.Deploy.0 = Release|Any CPU
		{CEF80D1F-1598-4FBF-A60B-6D32DA1A6D1E}.AppStore|x64.ActiveCfg = Release|x64
		{CEF80D1F-1598-4FBF-A60B-6D32DA1A6D1E}.AppStore|x64.Build.0 = Release|x64
		{CEF80D1F-1598-4FBF-A60B-6D32DA1A6D1E}.AppStore|x64.Deploy.0 = Release|x64
		{CEF80D1F-1598-4FBF-A60B-6D32DA1A6D1E}.AppStore|x86.ActiveCfg = Release|x86
		{CEF80D1F-1598-4FBF-A60B-6D32DA1A6D1E}.AppStore|x86.Build.0 = Release|x86
		{CEF80D1F-1598-4FBF-A60B-6D32DA1A6D1E}.AppStore|x86.Deploy.0 = Release|x86
		{CEF80D1F-1598-4FBF-A60B-6D32DA1A6D1E}.Debug|Any CPU.ActiveCfg = Debug|Any CPU
		{CEF80D1F-1598-4FBF-A60B-6D32DA1A6D1E}.Debug|Any CPU.Build.0 = Debug|Any CPU
		{CEF80D1F-1598-4FBF-A60B-6D32DA1A6D1E}.Debug|Any CPU.Deploy.0 = Debug|Any CPU
		{CEF80D1F-1598-4FBF-A60B-6D32DA1A6D1E}.Debug|ARM.ActiveCfg = Debug|ARM
		{CEF80D1F-1598-4FBF-A60B-6D32DA1A6D1E}.Debug|ARM.Build.0 = Debug|ARM
		{CEF80D1F-1598-4FBF-A60B-6D32DA1A6D1E}.Debug|ARM.Deploy.0 = Debug|ARM
		{CEF80D1F-1598-4FBF-A60B-6D32DA1A6D1E}.Debug|iPhone.ActiveCfg = Debug|Any CPU
		{CEF80D1F-1598-4FBF-A60B-6D32DA1A6D1E}.Debug|iPhone.Build.0 = Debug|Any CPU
		{CEF80D1F-1598-4FBF-A60B-6D32DA1A6D1E}.Debug|iPhone.Deploy.0 = Debug|Any CPU
		{CEF80D1F-1598-4FBF-A60B-6D32DA1A6D1E}.Debug|iPhoneSimulator.ActiveCfg = Debug|Any CPU
		{CEF80D1F-1598-4FBF-A60B-6D32DA1A6D1E}.Debug|iPhoneSimulator.Build.0 = Debug|Any CPU
		{CEF80D1F-1598-4FBF-A60B-6D32DA1A6D1E}.Debug|iPhoneSimulator.Deploy.0 = Debug|Any CPU
		{CEF80D1F-1598-4FBF-A60B-6D32DA1A6D1E}.Debug|x64.ActiveCfg = Debug|x64
		{CEF80D1F-1598-4FBF-A60B-6D32DA1A6D1E}.Debug|x64.Build.0 = Debug|x64
		{CEF80D1F-1598-4FBF-A60B-6D32DA1A6D1E}.Debug|x64.Deploy.0 = Debug|x64
		{CEF80D1F-1598-4FBF-A60B-6D32DA1A6D1E}.Debug|x86.ActiveCfg = Debug|x86
		{CEF80D1F-1598-4FBF-A60B-6D32DA1A6D1E}.Debug|x86.Build.0 = Debug|x86
		{CEF80D1F-1598-4FBF-A60B-6D32DA1A6D1E}.Debug|x86.Deploy.0 = Debug|x86
		{CEF80D1F-1598-4FBF-A60B-6D32DA1A6D1E}.Release|Any CPU.ActiveCfg = Release|Any CPU
		{CEF80D1F-1598-4FBF-A60B-6D32DA1A6D1E}.Release|Any CPU.Build.0 = Release|Any CPU
		{CEF80D1F-1598-4FBF-A60B-6D32DA1A6D1E}.Release|Any CPU.Deploy.0 = Release|Any CPU
		{CEF80D1F-1598-4FBF-A60B-6D32DA1A6D1E}.Release|ARM.ActiveCfg = Release|ARM
		{CEF80D1F-1598-4FBF-A60B-6D32DA1A6D1E}.Release|ARM.Build.0 = Release|ARM
		{CEF80D1F-1598-4FBF-A60B-6D32DA1A6D1E}.Release|ARM.Deploy.0 = Release|ARM
		{CEF80D1F-1598-4FBF-A60B-6D32DA1A6D1E}.Release|iPhone.ActiveCfg = Release|Any CPU
		{CEF80D1F-1598-4FBF-A60B-6D32DA1A6D1E}.Release|iPhone.Build.0 = Release|Any CPU
		{CEF80D1F-1598-4FBF-A60B-6D32DA1A6D1E}.Release|iPhone.Deploy.0 = Release|Any CPU
		{CEF80D1F-1598-4FBF-A60B-6D32DA1A6D1E}.Release|iPhoneSimulator.ActiveCfg = Release|Any CPU
		{CEF80D1F-1598-4FBF-A60B-6D32DA1A6D1E}.Release|iPhoneSimulator.Build.0 = Release|Any CPU
		{CEF80D1F-1598-4FBF-A60B-6D32DA1A6D1E}.Release|iPhoneSimulator.Deploy.0 = Release|Any CPU
		{CEF80D1F-1598-4FBF-A60B-6D32DA1A6D1E}.Release|x64.ActiveCfg = Release|x64
		{CEF80D1F-1598-4FBF-A60B-6D32DA1A6D1E}.Release|x64.Build.0 = Release|x64
		{CEF80D1F-1598-4FBF-A60B-6D32DA1A6D1E}.Release|x64.Deploy.0 = Release|x64
		{CEF80D1F-1598-4FBF-A60B-6D32DA1A6D1E}.Release|x86.ActiveCfg = Release|x86
		{CEF80D1F-1598-4FBF-A60B-6D32DA1A6D1E}.Release|x86.Build.0 = Release|x86
		{CEF80D1F-1598-4FBF-A60B-6D32DA1A6D1E}.Release|x86.Deploy.0 = Release|x86
		{046C023D-1DE5-46B3-9DDE-E09C92EA1831}.Ad-Hoc|Any CPU.ActiveCfg = Release|Any CPU
		{046C023D-1DE5-46B3-9DDE-E09C92EA1831}.Ad-Hoc|Any CPU.Build.0 = Release|Any CPU
		{046C023D-1DE5-46B3-9DDE-E09C92EA1831}.Ad-Hoc|ARM.ActiveCfg = Release|Any CPU
		{046C023D-1DE5-46B3-9DDE-E09C92EA1831}.Ad-Hoc|ARM.Build.0 = Release|Any CPU
		{046C023D-1DE5-46B3-9DDE-E09C92EA1831}.Ad-Hoc|iPhone.ActiveCfg = Release|Any CPU
		{046C023D-1DE5-46B3-9DDE-E09C92EA1831}.Ad-Hoc|iPhone.Build.0 = Release|Any CPU
		{046C023D-1DE5-46B3-9DDE-E09C92EA1831}.Ad-Hoc|iPhoneSimulator.ActiveCfg = Release|Any CPU
		{046C023D-1DE5-46B3-9DDE-E09C92EA1831}.Ad-Hoc|iPhoneSimulator.Build.0 = Release|Any CPU
		{046C023D-1DE5-46B3-9DDE-E09C92EA1831}.Ad-Hoc|x64.ActiveCfg = Release|Any CPU
		{046C023D-1DE5-46B3-9DDE-E09C92EA1831}.Ad-Hoc|x64.Build.0 = Release|Any CPU
		{046C023D-1DE5-46B3-9DDE-E09C92EA1831}.Ad-Hoc|x86.ActiveCfg = Release|Any CPU
		{046C023D-1DE5-46B3-9DDE-E09C92EA1831}.Ad-Hoc|x86.Build.0 = Release|Any CPU
		{046C023D-1DE5-46B3-9DDE-E09C92EA1831}.AppStore|Any CPU.ActiveCfg = Release|Any CPU
		{046C023D-1DE5-46B3-9DDE-E09C92EA1831}.AppStore|Any CPU.Build.0 = Release|Any CPU
		{046C023D-1DE5-46B3-9DDE-E09C92EA1831}.AppStore|ARM.ActiveCfg = Release|Any CPU
		{046C023D-1DE5-46B3-9DDE-E09C92EA1831}.AppStore|ARM.Build.0 = Release|Any CPU
		{046C023D-1DE5-46B3-9DDE-E09C92EA1831}.AppStore|iPhone.ActiveCfg = Release|Any CPU
		{046C023D-1DE5-46B3-9DDE-E09C92EA1831}.AppStore|iPhone.Build.0 = Release|Any CPU
		{046C023D-1DE5-46B3-9DDE-E09C92EA1831}.AppStore|iPhoneSimulator.ActiveCfg = Release|Any CPU
		{046C023D-1DE5-46B3-9DDE-E09C92EA1831}.AppStore|iPhoneSimulator.Build.0 = Release|Any CPU
		{046C023D-1DE5-46B3-9DDE-E09C92EA1831}.AppStore|x64.ActiveCfg = Release|Any CPU
		{046C023D-1DE5-46B3-9DDE-E09C92EA1831}.AppStore|x64.Build.0 = Release|Any CPU
		{046C023D-1DE5-46B3-9DDE-E09C92EA1831}.AppStore|x86.ActiveCfg = Release|Any CPU
		{046C023D-1DE5-46B3-9DDE-E09C92EA1831}.AppStore|x86.Build.0 = Release|Any CPU
		{046C023D-1DE5-46B3-9DDE-E09C92EA1831}.Debug|Any CPU.ActiveCfg = Debug|Any CPU
		{046C023D-1DE5-46B3-9DDE-E09C92EA1831}.Debug|Any CPU.Build.0 = Debug|Any CPU
		{046C023D-1DE5-46B3-9DDE-E09C92EA1831}.Debug|ARM.ActiveCfg = Debug|Any CPU
		{046C023D-1DE5-46B3-9DDE-E09C92EA1831}.Debug|ARM.Build.0 = Debug|Any CPU
		{046C023D-1DE5-46B3-9DDE-E09C92EA1831}.Debug|iPhone.ActiveCfg = Debug|Any CPU
		{046C023D-1DE5-46B3-9DDE-E09C92EA1831}.Debug|iPhone.Build.0 = Debug|Any CPU
		{046C023D-1DE5-46B3-9DDE-E09C92EA1831}.Debug|iPhoneSimulator.ActiveCfg = Debug|Any CPU
		{046C023D-1DE5-46B3-9DDE-E09C92EA1831}.Debug|iPhoneSimulator.Build.0 = Debug|Any CPU
		{046C023D-1DE5-46B3-9DDE-E09C92EA1831}.Debug|x64.ActiveCfg = Debug|Any CPU
		{046C023D-1DE5-46B3-9DDE-E09C92EA1831}.Debug|x64.Build.0 = Debug|Any CPU
		{046C023D-1DE5-46B3-9DDE-E09C92EA1831}.Debug|x86.ActiveCfg = Debug|Any CPU
		{046C023D-1DE5-46B3-9DDE-E09C92EA1831}.Debug|x86.Build.0 = Debug|Any CPU
		{046C023D-1DE5-46B3-9DDE-E09C92EA1831}.Release|Any CPU.ActiveCfg = Release|Any CPU
		{046C023D-1DE5-46B3-9DDE-E09C92EA1831}.Release|Any CPU.Build.0 = Release|Any CPU
		{046C023D-1DE5-46B3-9DDE-E09C92EA1831}.Release|ARM.ActiveCfg = Release|Any CPU
		{046C023D-1DE5-46B3-9DDE-E09C92EA1831}.Release|ARM.Build.0 = Release|Any CPU
		{046C023D-1DE5-46B3-9DDE-E09C92EA1831}.Release|iPhone.ActiveCfg = Release|Any CPU
		{046C023D-1DE5-46B3-9DDE-E09C92EA1831}.Release|iPhone.Build.0 = Release|Any CPU
		{046C023D-1DE5-46B3-9DDE-E09C92EA1831}.Release|iPhoneSimulator.ActiveCfg = Release|Any CPU
		{046C023D-1DE5-46B3-9DDE-E09C92EA1831}.Release|iPhoneSimulator.Build.0 = Release|Any CPU
		{046C023D-1DE5-46B3-9DDE-E09C92EA1831}.Release|x64.ActiveCfg = Release|Any CPU
		{046C023D-1DE5-46B3-9DDE-E09C92EA1831}.Release|x64.Build.0 = Release|Any CPU
		{046C023D-1DE5-46B3-9DDE-E09C92EA1831}.Release|x86.ActiveCfg = Release|Any CPU
		{046C023D-1DE5-46B3-9DDE-E09C92EA1831}.Release|x86.Build.0 = Release|Any CPU
	EndGlobalSection
	GlobalSection(SolutionProperties) = preSolution
		HideSolutionNode = FALSE
	EndGlobalSection
EndGlobal
